
Microsoft Visual Studio Solution File, Format Version 12.00
# Visual Studio Version 17
VisualStudioVersion = 17.9.34728.123
MinimumVisualStudioVersion = 10.0.40219.1
Project("{FAE04EC0-301F-11D3-BF4B-00C04F79EFBC}") = "FinalProject", "FinalProject\FinalProject.csproj", "{C83C2E00-7747-4D7B-97B4-CDD18AE95BB0}"
EndProject
Global
	GlobalSection(SolutionConfigurationPlatforms) = preSolution
		Debug|Any CPU = Debug|Any CPU
		Release|Any CPU = Release|Any CPU
	EndGlobalSection
	GlobalSection(ProjectConfigurationPlatforms) = postSolution
		{C83C2E00-7747-4D7B-97B4-CDD18AE95BB0}.Debug|Any CPU.ActiveCfg = Debug|Any CPU
		{C83C2E00-7747-4D7B-97B4-CDD18AE95BB0}.Debug|Any CPU.Build.0 = Debug|Any CPU
		{C83C2E00-7747-4D7B-97B4-CDD18AE95BB0}.Release|Any CPU.ActiveCfg = Release|Any CPU
		{C83C2E00-7747-4D7B-97B4-CDD18AE95BB0}.Release|Any CPU.Build.0 = Release|Any CPU
	EndGlobalSection
	GlobalSection(SolutionProperties) = preSolution
		HideSolutionNode = FALSE
	EndGlobalSection
	GlobalSection(ExtensibilityGlobals) = postSolution
		SolutionGuid = {A96FE3A9-E4D4-4787-9FA1-F621E5B56271}
	EndGlobalSection
EndGlobal
